
Microsoft Visual Studio Solution File, Format Version 11.00
# Visual Studio 2010
Project("{FAE04EC0-301F-11D3-BF4B-00C04F79EFBC}") = "W3CValidator.Tests", "W3CValidator.Tests\W3CValidator.Tests.csproj", "{6CE5F9AD-03FF-4C47-AF80-E62B8CD81B60}"
EndProject
Project("{FAE04EC0-301F-11D3-BF4B-00C04F79EFBC}") = "W3CValidator.4.0", "W3CValidator.4.0\W3CValidator.4.0.csproj", "{2CDC27DA-B3D9-4EEB-A8E5-52A34A7D5765}"
EndProject
Project("{FAE04EC0-301F-11D3-BF4B-00C04F79EFBC}") = "W3CValidator.3.5", "W3CValidator.3.5\W3CValidator.3.5.csproj", "{8083C440-A0EE-45E6-9819-F2B79F38A9E9}"
EndProject
Project("{FAE04EC0-301F-11D3-BF4B-00C04F79EFBC}") = "W3CValidator.3.5.CP", "W3CValidator.3.5.CP\W3CValidator.3.5.CP.csproj", "{2745AC0E-427D-4F76-B069-F7AB4C3BFE19}"
EndProject
Project("{FAE04EC0-301F-11D3-BF4B-00C04F79EFBC}") = "W3CValidator.4.0.CP", "W3CValidator.4.0.CP\W3CValidator.4.0.CP.csproj", "{AB181FAC-44C3-495F-90F8-6BAA6CFEE812}"
EndProject
Global
	GlobalSection(SolutionConfigurationPlatforms) = preSolution
		Debug|Any CPU = Debug|Any CPU
		Release|Any CPU = Release|Any CPU
	EndGlobalSection
	GlobalSection(ProjectConfigurationPlatforms) = postSolution
		{6CE5F9AD-03FF-4C47-AF80-E62B8CD81B60}.Debug|Any CPU.ActiveCfg = Debug|Any CPU
		{6CE5F9AD-03FF-4C47-AF80-E62B8CD81B60}.Debug|Any CPU.Build.0 = Debug|Any CPU
		{6CE5F9AD-03FF-4C47-AF80-E62B8CD81B60}.Release|Any CPU.ActiveCfg = Release|Any CPU
		{6CE5F9AD-03FF-4C47-AF80-E62B8CD81B60}.Release|Any CPU.Build.0 = Release|Any CPU
		{2CDC27DA-B3D9-4EEB-A8E5-52A34A7D5765}.Debug|Any CPU.ActiveCfg = Debug|Any CPU
		{2CDC27DA-B3D9-4EEB-A8E5-52A34A7D5765}.Debug|Any CPU.Build.0 = Debug|Any CPU
		{2CDC27DA-B3D9-4EEB-A8E5-52A34A7D5765}.Release|Any CPU.ActiveCfg = Release|Any CPU
		{2CDC27DA-B3D9-4EEB-A8E5-52A34A7D5765}.Release|Any CPU.Build.0 = Release|Any CPU
		{8083C440-A0EE-45E6-9819-F2B79F38A9E9}.Debug|Any CPU.ActiveCfg = Debug|Any CPU
		{8083C440-A0EE-45E6-9819-F2B79F38A9E9}.Debug|Any CPU.Build.0 = Debug|Any CPU
		{8083C440-A0EE-45E6-9819-F2B79F38A9E9}.Release|Any CPU.ActiveCfg = Release|Any CPU
		{8083C440-A0EE-45E6-9819-F2B79F38A9E9}.Release|Any CPU.Build.0 = Release|Any CPU
		{2745AC0E-427D-4F76-B069-F7AB4C3BFE19}.Debug|Any CPU.ActiveCfg = Debug|Any CPU
		{2745AC0E-427D-4F76-B069-F7AB4C3BFE19}.Debug|Any CPU.Build.0 = Debug|Any CPU
		{2745AC0E-427D-4F76-B069-F7AB4C3BFE19}.Release|Any CPU.ActiveCfg = Release|Any CPU
		{2745AC0E-427D-4F76-B069-F7AB4C3BFE19}.Release|Any CPU.Build.0 = Release|Any CPU
		{AB181FAC-44C3-495F-90F8-6BAA6CFEE812}.Debug|Any CPU.ActiveCfg = Debug|Any CPU
		{AB181FAC-44C3-495F-90F8-6BAA6CFEE812}.Debug|Any CPU.Build.0 = Debug|Any CPU
		{AB181FAC-44C3-495F-90F8-6BAA6CFEE812}.Release|Any CPU.ActiveCfg = Release|Any CPU
		{AB181FAC-44C3-495F-90F8-6BAA6CFEE812}.Release|Any CPU.Build.0 = Release|Any CPU
	EndGlobalSection
	GlobalSection(SolutionProperties) = preSolution
		HideSolutionNode = FALSE
	EndGlobalSection
EndGlobal
